Microsoft Visual Studio Solution File, Format Version 12.00
# Visual Studio Version 17
VisualStudioVersion = 17.5.2.0
MinimumVisualStudioVersion = 10.0.40219.1
Project("{FAE04EC0-301F-11D3-BF4B-00C04F79EFBC}") = "BowlingApp", "BowlingApp.csproj", "{476966ED-D4E1-B58C-ED55-949ACECA7DAD}"
EndProject
Global
	GlobalSection(SolutionConfigurationPlatforms) = preSolution
		Debug|Any CPU = Debug|Any CPU
		Release|Any CPU = Release|Any CPU
	EndGlobalSection
	GlobalSection(ProjectConfigurationPlatforms) = postSolution
		{476966ED-D4E1-B58C-ED55-949ACECA7DAD}.Debug|Any CPU.ActiveCfg = Debug|Any CPU
		{476966ED-D4E1-B58C-ED55-949ACECA7DAD}.Debug|Any CPU.Build.0 = Debug|Any CPU
		{476966ED-D4E1-B58C-ED55-949ACECA7DAD}.Release|Any CPU.ActiveCfg = Release|Any CPU
		{476966ED-D4E1-B58C-ED55-949ACECA7DAD}.Release|Any CPU.Build.0 = Release|Any CPU
	EndGlobalSection
	GlobalSection(SolutionProperties) = preSolution
		HideSolutionNode = FALSE
	EndGlobalSection
	GlobalSection(ExtensibilityGlobals) = postSolution
		SolutionGuid = {18950368-835A-49BB-B2A4-D19DD99FD574}
	EndGlobalSection
EndGlobal
